
Microsoft Visual Studio Solution File, Format Version 12.00
# Visual Studio Version 17
VisualStudioVersion = 17.2.32516.85
MinimumVisualStudioVersion = 10.0.40219.1
Project("{FAE04EC0-301F-11D3-BF4B-00C04F79EFBC}") = "SalesWebMvc", "SalesWebMvc\SalesWebMvc.csproj", "{308A156F-E9AE-4583-A00E-1201D12D2759}"
EndProject
Global
	GlobalSection(SolutionConfigurationPlatforms) = preSolution
		Debug|Any CPU = Debug|Any CPU
		Release|Any CPU = Release|Any CPU
	EndGlobalSection
	GlobalSection(ProjectConfigurationPlatforms) = postSolution
		{308A156F-E9AE-4583-A00E-1201D12D2759}.Debug|Any CPU.ActiveCfg = Debug|Any CPU
		{308A156F-E9AE-4583-A00E-1201D12D2759}.Debug|Any CPU.Build.0 = Debug|Any CPU
		{308A156F-E9AE-4583-A00E-1201D12D2759}.Release|Any CPU.ActiveCfg = Release|Any CPU
		{308A156F-E9AE-4583-A00E-1201D12D2759}.Release|Any CPU.Build.0 = Release|Any CPU
	EndGlobalSection
	GlobalSection(SolutionProperties) = preSolution
		HideSolutionNode = FALSE
	EndGlobalSection
	GlobalSection(ExtensibilityGlobals) = postSolution
		SolutionGuid = {94BB8EC5-4569-4B2A-93C9-D60694C8214A}
	EndGlobalSection
EndGlobal
